{
  "requires": true,
  "lockfileVersion": 1,
  "dependencies": {
    "@ionic-native/core": {
      "version": "4.16.0",
      "resolved": "https://registry.npmjs.org/@ionic-native/core/-/core-4.16.0.tgz",
      "integrity": "sha512-zPLqL09KsyVRkLQz8WDnIai037srpaOrFTQzfKqSU8aHJU1b+w3y+pSeK32P/oIB62LLREGtDvquFb04p/LXdw=="
    },
    "@ionic-native/google-maps": {
      "version": "4.14.0",
      "resolved": "https://registry.npmjs.org/@ionic-native/google-maps/-/google-maps-4.14.0.tgz",
      "integrity": "sha512-lqmOUHfLA2661ol3Jbyw8vdI1FDZrci0/S31L2uw0uM4vv6l3m5jRBlIL/e2tNh+3Fy5aMhcll9CTW3HgQGRgg=="
    }
  }
}
